
Microsoft Visual Studio Solution File, Format Version 12.00
# Visual Studio Version 17
VisualStudioVersion = 17.1.32421.90
MinimumVisualStudioVersion = 10.0.40219.1
Project("{FAE04EC0-301F-11D3-BF4B-00C04F79EFBC}") = "MVCTutorialWeb", "MVCTutorialWeb\MVCTutorialWeb.csproj", "{D4A32D25-DB60-4F59-80BD-DD3A1310D3E6}"
EndProject
Global
	GlobalSection(SolutionConfigurationPlatforms) = preSolution
		Debug|Any CPU = Debug|Any CPU
		Release|Any CPU = Release|Any CPU
	EndGlobalSection
	GlobalSection(ProjectConfigurationPlatforms) = postSolution
		{D4A32D25-DB60-4F59-80BD-DD3A1310D3E6}.Debug|Any CPU.ActiveCfg = Debug|Any CPU
		{D4A32D25-DB60-4F59-80BD-DD3A1310D3E6}.Debug|Any CPU.Build.0 = Debug|Any CPU
		{D4A32D25-DB60-4F59-80BD-DD3A1310D3E6}.Release|Any CPU.ActiveCfg = Release|Any CPU
		{D4A32D25-DB60-4F59-80BD-DD3A1310D3E6}.Release|Any CPU.Build.0 = Release|Any CPU
	EndGlobalSection
	GlobalSection(SolutionProperties) = preSolution
		HideSolutionNode = FALSE
	EndGlobalSection
	GlobalSection(ExtensibilityGlobals) = postSolution
		SolutionGuid = {E4DFF464-0999-4BCC-97C6-C38ACC81E902}
	EndGlobalSection
EndGlobal
